
Microsoft Visual Studio Solution File, Format Version 12.00
# Visual Studio Version 16
VisualStudioVersion = 16.0.29102.190
MinimumVisualStudioVersion = 10.0.40219.1
Project("{FAE04EC0-301F-11D3-BF4B-00C04F79EFBC}") = "SOLIDDesign.OpenClosedPrinciple", "SOLIDDesign.OpenClosedPrinciple\SOLIDDesign.OpenClosedPrinciple.csproj", "{0EE9D577-9FBE-4397-8B9C-E651160C359F}"
EndProject
Global
	GlobalSection(SolutionConfigurationPlatforms) = preSolution
		Debug|Any CPU = Debug|Any CPU
		Release|Any CPU = Release|Any CPU
	EndGlobalSection
	GlobalSection(ProjectConfigurationPlatforms) = postSolution
		{0EE9D577-9FBE-4397-8B9C-E651160C359F}.Debug|Any CPU.ActiveCfg = Debug|Any CPU
		{0EE9D577-9FBE-4397-8B9C-E651160C359F}.Debug|Any CPU.Build.0 = Debug|Any CPU
		{0EE9D577-9FBE-4397-8B9C-E651160C359F}.Release|Any CPU.ActiveCfg = Release|Any CPU
		{0EE9D577-9FBE-4397-8B9C-E651160C359F}.Release|Any CPU.Build.0 = Release|Any CPU
	EndGlobalSection
	GlobalSection(SolutionProperties) = preSolution
		HideSolutionNode = FALSE
	EndGlobalSection
	GlobalSection(ExtensibilityGlobals) = postSolution
		SolutionGuid = {0AEA4D2B-87E4-469C-B9DB-3EA4CCCA7314}
	EndGlobalSection
EndGlobal
